// !$*UTF8*$!
{
	archiveVersion = 1;
	classes = {
	};
	objectVersion = 60;
	objects = {

/* Begin PBXBuildFile section */
		6F5570872C4F72C500F45222 /* AppDelegate.swift in Sources */ = {isa = PBXBuildFile; fileRef = 6F5570862C4F72C500F45222 /* AppDelegate.swift */; };
		6F5570892C4F72C500F45222 /* SceneDelegate.swift in Sources */ = {isa = PBXBuildFile; fileRef = 6F5570882C4F72C500F45222 /* SceneDelegate.swift */; };
		6F55708B2C4F72C500F45222 /* ViewController.swift in Sources */ = {isa = PBXBuildFile; fileRef = 6F55708A2C4F72C500F45222 /* ViewController.swift */; };
		6F55708E2C4F72C500F45222 /* Base in Resources */ = {isa = PBXBuildFile; fileRef = 6F55708D2C4F72C500F45222 /* Base */; };
		6F5570902C4F72C700F45222 /* Assets.xcassets in Resources */ = {isa = PBXBuildFile; fileRef = 6F55708F2C4F72C700F45222 /* Assets.xcassets */; };
		6F5570932C4F72C700F45222 /* Base in Resources */ = {isa = PBXBuildFile; fileRef = 6F5570922C4F72C700F45222 /* Base */; };
		6F55709E2C4F72C700F45222 /* Demo2Tests.swift in Sources */ = {isa = PBXBuildFile; fileRef = 6F55709D2C4F72C700F45222 /* Demo2Tests.swift */; };
		6F5570A82C4F72C700F45222 /* Demo2UITests.swift in Sources */ = {isa = PBXBuildFile; fileRef = 6F5570A72C4F72C700F45222 /* Demo2UITests.swift */; };
		6F5570AA2C4F72C700F45222 /* Demo2UITestsLaunchTests.swift in Sources */ = {isa = PBXBuildFile; fileRef = 6F5570A92C4F72C700F45222 /* Demo2UITestsLaunchTests.swift */; };
/* End PBXBuildFile section */

/* Begin PBXContainerItemProxy section */
		6F55709A2C4F72C700F45222 /* PBXContainerItemProxy */ = {
			isa = PBXContainerItemProxy;
			containerPortal = 6F55707B2C4F72C500F45222 /* Project object */;
			proxyType = 1;
			remoteGlobalIDString = 6F5570822C4F72C500F45222;
			remoteInfo = Demo2;
		};
		6F5570A42C4F72C700F45222 /* PBXContainerItemProxy */ = {
			isa = PBXContainerItemProxy;
			containerPortal = 6F55707B2C4F72C500F45222 /* Project object */;
			proxyType = 1;
			remoteGlobalIDString = 6F5570822C4F72C500F45222;
			remoteInfo = Demo2;
		};
/* End PBXContainerItemProxy section */

/* Begin PBXFileReference section */
		6F5570832C4F72C500F45222 /* Demo2.app */ = {isa = PBXFileReference; explicitFileType = wrapper.application; includeInIndex = 0; path = Demo2.app; sourceTree = BUILT_PRODUCTS_DIR; };
		6F5570862C4F72C500F45222 /* AppDelegate.swift */ = {isa = PBXFileReference; lastKnownFileType = sourcecode.swift; path = AppDelegate.swift; sourceTree = "<group>"; };
		6F5570882C4F72C500F45222 /* SceneDelegate.swift */ = {isa = PBXFileReference; lastKnownFileType = sourcecode.swift; path = SceneDelegate.swift; sourceTree = "<group>"; };
		6F55708A2C4F72C500F45222 /* ViewController.swift */ = {isa = PBXFileReference; lastKnownFileType = sourcecode.swift; path = ViewController.swift; sourceTree = "<group>"; };
		6F55708D2C4F72C500F45222 /* Base */ = {isa = PBXFileReference; lastKnownFileType = file.storyboard; name = Base; path = Base.lproj/Main.storyboard; sourceTree = "<group>"; };
		6F55708F2C4F72C700F45222 /* Assets.xcassets */ = {isa = PBXFileReference; lastKnownFileType = folder.assetcatalog; path = Assets.xcassets; sourceTree = "<group>"; };
		6F5570922C4F72C700F45222 /* Base */ = {isa = PBXFileReference; lastKnownFileType = file.storyboard; name = Base; path = Base.lproj/LaunchScreen.storyboard; sourceTree = "<group>"; };
		6F5570942C4F72C700F45222 /* Info.plist */ = {isa = PBXFileReference; lastKnownFileType = text.plist.xml; path = Info.plist; sourceTree = "<group>"; };
		6F5570992C4F72C700F45222 /* Demo2Tests.xctest */ = {isa = PBXFileReference; explicitFileType = wrapper.cfbundle; includeInIndex = 0; path = Demo2Tests.xctest; sourceTree = BUILT_PRODUCTS_DIR; };
		6F55709D2C4F72C700F45222 /* Demo2Tests.swift */ = {isa = PBXFileReference; lastKnownFileType = sourcecode.swift; path = Demo2Tests.swift; sourceTree = "<group>"; };
		6F5570A32C4F72C700F45222 /* Demo2UITests.xctest */ = {isa = PBXFileReference; explicitFileType = wrapper.cfbundle; includeInIndex = 0; path = Demo2UITests.xctest; sourceTree = BUILT_PRODUCTS_DIR; };
		6F5570A72C4F72C700F45222 /* Demo2UITests.swift */ = {isa = PBXFileReference; lastKnownFileType = sourcecode.swift; path = Demo2UITests.swift; sourceTree = "<group>"; };
		6F5570A92C4F72C700F45222 /* Demo2UITestsLaunchTests.swift */ = {isa = PBXFileReference; lastKnownFileType = sourcecode.swift; path = Demo2UITestsLaunchTests.swift; sourceTree = "<group>"; };
/* End PBXFileReference section */

/* Begin PBXFrameworksBuildPhase section */
		6F5570802C4F72C500F45222 /* Frameworks */ = {
			isa = PBXFrameworksBuildPhase;
			buildActionMask = 2147483647;
			files = (
			);
			runOnlyForDeploymentPostprocessing = 0;
		};
		6F5570962C4F72C700F45222 /* Frameworks */ = {
			isa = PBXFrameworksBuildPhase;
			buildActionMask = 2147483647;
			files = (
			);
			runOnlyForDeploymentPostprocessing = 0;
		};
		6F5570A02C4F72C700F45222 /* Frameworks */ = {
			isa = PBXFrameworksBuildPhase;
			buildActionMask = 2147483647;
			files = (
			);
			runOnlyForDeploymentPostprocessing = 0;
		};
/* End PBXFrameworksBuildPhase section */

/* Begin PBXGroup section */
		6F55707A2C4F72C500F45222 = {
			isa = PBXGroup;
			children = (
				6F5570852C4F72C500F45222 /* Demo2 */,
				6F55709C2C4F72C700F45222 /* Demo2Tests */,
				6F5570A62C4F72C700F45222 /* Demo2UITests */,
				6F5570842C4F72C500F45222 /* Products */,
			);
			sourceTree = "<group>";
		};
		6F5570842C4F72C500F45222 /* Products */ = {
			isa = PBXGroup;
			children = (
				6F5570832C4F72C500F45222 /* Demo2.app */,
				6F5570992C4F72C700F45222 /* Demo2Tests.xctest */,
				6F5570A32C4F72C700F45222 /* Demo2UITests.xctest */,
			);
			name = Products;
			sourceTree = "<group>";
		};
		6F5570852C4F72C500F45222 /* Demo2 */ = {
			isa = PBXGroup;
			children = (
				6F5570862C4F72C500F45222 /* AppDelegate.swift */,
				6F5570882C4F72C500F45222 /* SceneDelegate.swift */,
				6F55708A2C4F72C500F45222 /* ViewController.swift */,
				6F55708C2C4F72C500F45222 /* Main.storyboard */,
				6F55708F2C4F72C700F45222 /* Assets.xcassets */,
				6F5570912C4F72C700F45222 /* LaunchScreen.storyboard */,
				6F5570942C4F72C700F45222 /* Info.plist */,
			);
			path = Demo2;
			sourceTree = "<group>";
		};
		6F55709C2C4F72C700F45222 /* Demo2Tests */ = {
			isa = PBXGroup;
			children = (
				6F55709D2C4F72C700F45222 /* Demo2Tests.swift */,
			);
			path = Demo2Tests;
			sourceTree = "<group>";
		};
		6F5570A62C4F72C700F45222 /* Demo2UITests */ = {
			isa = PBXGroup;
			children = (
				6F5570A72C4F72C700F45222 /* Demo2UITests.swift */,
				6F5570A92C4F72C700F45222 /* Demo2UITestsLaunchTests.swift */,
			);
			path = Demo2UITests;
			sourceTree = "<group>";
		};
/* End PBXGroup section */

/* Begin PBXNativeTarget section */
		6F5570822C4F72C500F45222 /* Demo2 */ = {
			isa = PBXNativeTarget;
			buildConfigurationList = 6F5570AD2C4F72C700F45222 /* Build configuration list for PBXNativeTarget "Demo2" */;
			buildPhases = (
				6F55707F2C4F72C500F45222 /* Sources */,
				6F5570802C4F72C500F45222 /* Frameworks */,
				6F5570812C4F72C500F45222 /* Resources */,
			);
			buildRules = (
			);
			dependencies = (
			);
			name = Demo2;
			productName = Demo2;
			productReference = 6F5570832C4F72C500F45222 /* Demo2.app */;
			productType = "com.apple.product-type.application";
		};
		6F5570982C4F72C700F45222 /* Demo2Tests */ = {
			isa = PBXNativeTarget;
			buildConfigurationList = 6F5570B02C4F72C700F45222 /* Build configuration list for PBXNativeTarget "Demo2Tests" */;
			buildPhases = (
				6F5570952C4F72C700F45222 /* Sources */,
				6F5570962C4F72C700F45222 /* Frameworks */,
				6F5570972C4F72C700F45222 /* Resources */,
			);
			buildRules = (
			);
			dependencies = (
				6F55709B2C4F72C700F45222 /* PBXTargetDependency */,
			);
			name = Demo2Tests;
			productName = Demo2Tests;
			productReference = 6F5570992C4F72C700F45222 /* Demo2Tests.xctest */;
			productType = "com.apple.product-type.bundle.unit-test";
		};
		6F5570A22C4F72C700F45222 /* Demo2UITests */ = {
			isa = PBXNativeTarget;
			buildConfigurationList = 6F5570B32C4F72C700F45222 /* Build configuration list for PBXNativeTarget "Demo2UITests" */;
			buildPhases = (
				6F55709F2C4F72C700F45222 /* Sources */,
				6F5570A02C4F72C700F45222 /* Frameworks */,
				6F5570A12C4F72C700F45222 /* Resources */,
			);
			buildRules = (
			);
			dependencies = (
				6F5570A52C4F72C700F45222 /* PBXTargetDependency */,
			);
			name = Demo2UITests;
			productName = Demo2UITests;
			productReference = 6F5570A32C4F72C700F45222 /* Demo2UITests.xctest */;
			productType = "com.apple.product-type.bundle.ui-testing";
		};
/* End PBXNativeTarget section */

/* Begin PBXProject section */
		6F55707B2C4F72C500F45222 /* Project object */ = {
			isa = PBXProject;
			attributes = {
				BuildIndependentTargetsInParallel = 1;
				LastSwiftUpdateCheck = 1600;
				LastUpgradeCheck = 1600;
				TargetAttributes = {
					6F5570822C4F72C500F45222 = {
						CreatedOnToolsVersion = 16.0;
					};
					6F5570982C4F72C700F45222 = {
						CreatedOnToolsVersion = 16.0;
						TestTargetID = 6F5570822C4F72C500F45222;
					};
					6F5570A22C4F72C700F45222 = {
						CreatedOnToolsVersion = 16.0;
						TestTargetID = 6F5570822C4F72C500F45222;
					};
				};
			};
			buildConfigurationList = 6F55707E2C4F72C500F45222 /* Build configuration list for PBXProject "Demo2" */;
			compatibilityVersion = "Xcode 15.0";
			developmentRegion = en;
			hasScannedForEncodings = 0;
			knownRegions = (
				en,
				Base,
			);
			mainGroup = 6F55707A2C4F72C500F45222;
			productRefGroup = 6F5570842C4F72C500F45222 /* Products */;
			projectDirPath = "";
			projectRoot = "";
			targets = (
				6F5570822C4F72C500F45222 /* Demo2 */,
				6F5570982C4F72C700F45222 /* Demo2Tests */,
				6F5570A22C4F72C700F45222 /* Demo2UITests */,
			);
		};
/* End PBXProject section */

/* Begin PBXResourcesBuildPhase section */
		6F5570812C4F72C500F45222 /* Resources */ = {
			isa = PBXResourcesBuildPhase;
			buildActionMask = 2147483647;
			files = (
				6F5570902C4F72C700F45222 /* Assets.xcassets in Resources */,
				6F5570932C4F72C700F45222 /* Base in Resources */,
				6F55708E2C4F72C500F45222 /* Base in Resources */,
			);
			runOnlyForDeploymentPostprocessing = 0;
		};
		6F5570972C4F72C700F45222 /* Resources */ = {
			isa = PBXResourcesBuildPhase;
			buildActionMask = 2147483647;
			files = (
			);
			runOnlyForDeploymentPostprocessing = 0;
		};
		6F5570A12C4F72C700F45222 /* Resources */ = {
			isa = PBXResourcesBuildPhase;
			buildActionMask = 2147483647;
			files = (
			);
			runOnlyForDeploymentPostprocessing = 0;
		};
/* End PBXResourcesBuildPhase section */

/* Begin PBXSourcesBuildPhase section */
		6F55707F2C4F72C500F45222 /* Sources */ = {
			isa = PBXSourcesBuildPhase;
			buildActionMask = 2147483647;
			files = (
				6F55708B2C4F72C500F45222 /* ViewController.swift in Sources */,
				6F5570872C4F72C500F45222 /* AppDelegate.swift in Sources */,
				6F5570892C4F72C500F45222 /* SceneDelegate.swift in Sources */,
			);
			runOnlyForDeploymentPostprocessing = 0;
		};
		6F5570952C4F72C700F45222 /* Sources */ = {
			isa = PBXSourcesBuildPhase;
			buildActionMask = 2147483647;
			files = (
				6F55709E2C4F72C700F45222 /* Demo2Tests.swift in Sources */,
			);
			runOnlyForDeploymentPostprocessing = 0;
		};
		6F55709F2C4F72C700F45222 /* Sources */ = {
			isa = PBXSourcesBuildPhase;
			buildActionMask = 2147483647;
			files = (
				6F5570AA2C4F72C700F45222 /* Demo2UITestsLaunchTests.swift in Sources */,
				6F5570A82C4F72C700F45222 /* Demo2UITests.swift in Sources */,
			);
			runOnlyForDeploymentPostprocessing = 0;
		};
/* End PBXSourcesBuildPhase section */

/* Begin PBXTargetDependency section */
		6F55709B2C4F72C700F45222 /* PBXTargetDependency */ = {
			isa = PBXTargetDependency;
			target = 6F5570822C4F72C500F45222 /* Demo2 */;
			targetProxy = 6F55709A2C4F72C700F45222 /* PBXContainerItemProxy */;
		};
		6F5570A52C4F72C700F45222 /* PBXTargetDependency */ = {
			isa = PBXTargetDependency;
			target = 6F5570822C4F72C500F45222 /* Demo2 */;
			targetProxy = 6F5570A42C4F72C700F45222 /* PBXContainerItemProxy */;
		};
/* End PBXTargetDependency section */

/* Begin PBXVariantGroup section */
		6F55708C2C4F72C500F45222 /* Main.storyboard */ = {
			isa = PBXVariantGroup;
			children = (
				6F55708D2C4F72C500F45222 /* Base */,
			);
			name = Main.storyboard;
			sourceTree = "<group>";
		};
		6F5570912C4F72C700F45222 /* LaunchScreen.storyboard */ = {
			isa = PBXVariantGroup;
			children = (
				6F5570922C4F72C700F45222 /* Base */,
			);
			name = LaunchScreen.storyboard;
			sourceTree = "<group>";
		};
/* End PBXVariantGroup section */

/* Begin XCBuildConfiguration section */
		6F5570AB2C4F72C700F45222 /* Debug */ = {
			isa = XCBuildConfiguration;
			buildSettings = {
				ALWAYS_SEARCH_USER_PATHS = NO;
				ASSETCATALOG_COMPILER_GENERATE_SWIFT_ASSET_SYMBOL_EXTENSIONS = YES;
				CLANG_ANALYZER_NONNULL = YES;
				CLANG_ANALYZER_NUMBER_OBJECT_CONVERSION = YES_AGGRESSIVE;
				CLANG_CXX_LANGUAGE_STANDARD = "gnu++20";
				CLANG_ENABLE_MODULES = YES;
				CLANG_ENABLE_OBJC_ARC = YES;
				CLANG_ENABLE_OBJC_WEAK = YES;
				CLANG_WARN_BLOCK_CAPTURE_AUTORELEASING = YES;
				CLANG_WARN_BOOL_CONVERSION = YES;
				CLANG_WARN_COMMA = YES;
				CLANG_WARN_CONSTANT_CONVERSION = YES;
				CLANG_WARN_DEPRECATED_OBJC_IMPLEMENTATIONS = YES;
				CLANG_WARN_DIRECT_OBJC_ISA_USAGE = YES_ERROR;
				CLANG_WARN_DOCUMENTATION_COMMENTS = YES;
				CLANG_WARN_EMPTY_BODY = YES;
				CLANG_WARN_ENUM_CONVERSION = YES;
				CLANG_WARN_INFINITE_RECURSION = YES;
				CLANG_WARN_INT_CONVERSION = YES;
				CLANG_WARN_NON_LITERAL_NULL_CONVERSION = YES;
				CLANG_WARN_OBJC_IMPLICIT_RETAIN_SELF = YES;
				CLANG_WARN_OBJC_LITERAL_CONVERSION = YES;
				CLANG_WARN_OBJC_ROOT_CLASS = YES_ERROR;
				CLANG_WARN_QUOTED_INCLUDE_IN_FRAMEWORK_HEADER = YES;
				CLANG_WARN_RANGE_LOOP_ANALYSIS = YES;
				CLANG_WARN_STRICT_PROTOTYPES = YES;
				CLANG_WARN_SUSPICIOUS_MOVE = YES;
				CLANG_WARN_UNGUARDED_AVAILABILITY = YES_AGGRESSIVE;
				CLANG_WARN_UNREACHABLE_CODE = YES;
				CLANG_WARN__DUPLICATE_METHOD_MATCH = YES;
				COPY_PHASE_STRIP = NO;
				DEBUG_INFORMATION_FORMAT = dwarf;
				ENABLE_STRICT_OBJC_MSGSEND = YES;
				ENABLE_TESTABILITY = YES;
				ENABLE_USER_SCRIPT_SANDBOXING = YES;
				GCC_C_LANGUAGE_STANDARD = gnu17;
				GCC_DYNAMIC_NO_PIC = NO;
				GCC_NO_COMMON_BLOCKS = YES;
				GCC_OPTIMIZATION_LEVEL = 0;
				GCC_PREPROCESSOR_DEFINITIONS = (
					"DEBUG=1",
					"$(inherited)",
				);
				GCC_WARN_64_TO_32_BIT_CONVERSION = YES;
				GCC_WARN_ABOUT_RETURN_TYPE = YES_ERROR;
				GCC_WARN_UNDECLARED_SELECTOR = YES;
				GCC_WARN_UNINITIALIZED_AUTOS = YES_AGGRESSIVE;
				GCC_WARN_UNUSED_FUNCTION = YES;
				GCC_WARN_UNUSED_VARIABLE = YES;
				IPHONEOS_DEPLOYMENT_TARGET = 18.0;
				LOCALIZATION_PREFERS_STRING_CATALOGS = YES;
				MTL_ENABLE_DEBUG_INFO = INCLUDE_SOURCE;
				MTL_FAST_MATH = YES;
				ONLY_ACTIVE_ARCH = YES;
				SDKROOT = iphoneos;
				SWIFT_ACTIVE_COMPILATION_CONDITIONS = "DEBUG $(inherited)";
				SWIFT_OPTIMIZATION_LEVEL = "-Onone";
			};
			name = Debug;
		};
		6F5570AC2C4F72C700F45222 /* Release */ = {
			isa = XCBuildConfiguration;
			buildSettings = {
				ALWAYS_SEARCH_USER_PATHS = NO;
				ASSETCATALOG_COMPILER_GENERATE_SWIFT_ASSET_SYMBOL_EXTENSIONS = YES;
				CLANG_ANALYZER_NONNULL = YES;
				CLANG_ANALYZER_NUMBER_OBJECT_CONVERSION = YES_AGGRESSIVE;
				CLANG_CXX_LANGUAGE_STANDARD = "gnu++20";
				CLANG_ENABLE_MODULES = YES;
				CLANG_ENABLE_OBJC_ARC = YES;
				CLANG_ENABLE_OBJC_WEAK = YES;
				CLANG_WARN_BLOCK_CAPTURE_AUTORELEASING = YES;
				CLANG_WARN_BOOL_CONVERSION = YES;
				CLANG_WARN_COMMA = YES;
				CLANG_WARN_CONSTANT_CONVERSION = YES;
				CLANG_WARN_DEPRECATED_OBJC_IMPLEMENTATIONS = YES;
				CLANG_WARN_DIRECT_OBJC_ISA_USAGE = YES_ERROR;
				CLANG_WARN_DOCUMENTATION_COMMENTS = YES;
				CLANG_WARN_EMPTY_BODY = YES;
				CLANG_WARN_ENUM_CONVERSION = YES;
				CLANG_WARN_INFINITE_RECURSION = YES;
				CLANG_WARN_INT_CONVERSION = YES;
				CLANG_WARN_NON_LITERAL_NULL_CONVERSION = YES;
				CLANG_WARN_OBJC_IMPLICIT_RETAIN_SELF = YES;
				CLANG_WARN_OBJC_LITERAL_CONVERSION = YES;
				CLANG_WARN_OBJC_ROOT_CLASS = YES_ERROR;
				CLANG_WARN_QUOTED_INCLUDE_IN_FRAMEWORK_HEADER = YES;
				CLANG_WARN_RANGE_LOOP_ANALYSIS = YES;
				CLANG_WARN_STRICT_PROTOTYPES = YES;
				CLANG_WARN_SUSPICIOUS_MOVE = YES;
				CLANG_WARN_UNGUARDED_AVAILABILITY = YES_AGGRESSIVE;
				CLANG_WARN_UNREACHABLE_CODE = YES;
				CLANG_WARN__DUPLICATE_METHOD_MATCH = YES;
				COPY_PHASE_STRIP = NO;
				DEBUG_INFORMATION_FORMAT = "dwarf-with-dsym";
				ENABLE_NS_ASSERTIONS = NO;
				ENABLE_STRICT_OBJC_MSGSEND = YES;
				ENABLE_USER_SCRIPT_SANDBOXING = YES;
				GCC_C_LANGUAGE_STANDARD = gnu17;
				GCC_NO_COMMON_BLOCKS = YES;
				GCC_WARN_64_TO_32_BIT_CONVERSION = YES;
				GCC_WARN_ABOUT_RETURN_TYPE = YES_ERROR;
				GCC_WARN_UNDECLARED_SELECTOR = YES;
				GCC_WARN_UNINITIALIZED_AUTOS = YES_AGGRESSIVE;
				GCC_WARN_UNUSED_FUNCTION = YES;
				GCC_WARN_UNUSED_VARIABLE = YES;
				IPHONEOS_DEPLOYMENT_TARGET = 18.0;
				LOCALIZATION_PREFERS_STRING_CATALOGS = YES;
				MTL_ENABLE_DEBUG_INFO = NO;
				MTL_FAST_MATH = YES;
				SDKROOT = iphoneos;
				SWIFT_COMPILATION_MODE = wholemodule;
				VALIDATE_PRODUCT = YES;
			};
			name = Release;
		};
		6F5570AE2C4F72C700F45222 /* Debug */ = {
			isa = XCBuildConfiguration;
			buildSettings = {
				ASSETCATALOG_COMPILER_APPICON_NAME = AppIcon;
				ASSETCATALOG_COMPILER_GLOBAL_ACCENT_COLOR_NAME = AccentColor;
				CODE_SIGN_STYLE = Automatic;
				CURRENT_PROJECT_VERSION = 1;
				DEVELOPMENT_TEAM = A3UF4B4CBW;
				GENERATE_INFOPLIST_FILE = YES;
				INFOPLIST_FILE = Demo2/Info.plist;
				INFOPLIST_KEY_UIApplicationSupportsIndirectInputEvents = YES;
				INFOPLIST_KEY_UILaunchStoryboardName = LaunchScreen;
				INFOPLIST_KEY_UIMainStoryboardFile = Main;
				INFOPLIST_KEY_UISupportedInterfaceOrientations_iPad = "UIInterfaceOrientationPortrait UIInterfaceOrientationPortraitUpsideDown UIInterfaceOrientationLandscapeLeft UIInterfaceOrientationLandscapeRight";
				INFOPLIST_KEY_UISupportedInterfaceOrientations_iPhone = "UIInterfaceOrientationPortrait UIInterfaceOrientationLandscapeLeft UIInterfaceOrientationLandscapeRight";
				LD_RUNPATH_SEARCH_PATHS = (
					"$(inherited)",
					"@executable_path/Frameworks",
				);
				MARKETING_VERSION = 1.0;
				PRODUCT_BUNDLE_IDENTIFIER = Centertek.Demo2;
				PRODUCT_NAME = "$(TARGET_NAME)";
				SWIFT_EMIT_LOC_STRINGS = YES;
				SWIFT_VERSION = 5.0;
				TARGETED_DEVICE_FAMILY = "1,2";
			};
			name = Debug;
		};
		6F5570AF2C4F72C700F45222 /* Release */ = {
			isa = XCBuildConfiguration;
			buildSettings = {
				ASSETCATALOG_COMPILER_APPICON_NAME = AppIcon;
				ASSETCATALOG_COMPILER_GLOBAL_ACCENT_COLOR_NAME = AccentColor;
				CODE_SIGN_STYLE = Automatic;
				CURRENT_PROJECT_VERSION = 1;
				DEVELOPMENT_TEAM = A3UF4B4CBW;
				GENERATE_INFOPLIST_FILE = YES;
				INFOPLIST_FILE = Demo2/Info.plist;
				INFOPLIST_KEY_UIApplicationSupportsIndirectInputEvents = YES;
				INFOPLIST_KEY_UILaunchStoryboardName = LaunchScreen;
				INFOPLIST_KEY_UIMainStoryboardFile = Main;
				INFOPLIST_KEY_UISupportedInterfaceOrientations_iPad = "UIInterfaceOrientationPortrait UIInterfaceOrientationPortraitUpsideDown UIInterfaceOrientationLandscapeLeft UIInterfaceOrientationLandscapeRight";
				INFOPLIST_KEY_UISupportedInterfaceOrientations_iPhone = "UIInterfaceOrientationPortrait UIInterfaceOrientationLandscapeLeft UIInterfaceOrientationLandscapeRight";
				LD_RUNPATH_SEARCH_PATHS = (
					"$(inherited)",
					"@executable_path/Frameworks",
				);
				MARKETING_VERSION = 1.0;
				PRODUCT_BUNDLE_IDENTIFIER = Centertek.Demo2;
				PRODUCT_NAME = "$(TARGET_NAME)";
				SWIFT_EMIT_LOC_STRINGS = YES;
				SWIFT_VERSION = 5.0;
				TARGETED_DEVICE_FAMILY = "1,2";
			};
			name = Release;
		};
		6F5570B12C4F72C700F45222 /* Debug */ = {
			isa = XCBuildConfiguration;
			buildSettings = {
				BUNDLE_LOADER = "$(TEST_HOST)";
				CODE_SIGN_STYLE = Automatic;
				CURRENT_PROJECT_VERSION = 1;
				DEVELOPMENT_TEAM = A3UF4B4CBW;
				GENERATE_INFOPLIST_FILE = YES;
				IPHONEOS_DEPLOYMENT_TARGET = 18.0;
				MARKETING_VERSION = 1.0;
				PRODUCT_BUNDLE_IDENTIFIER = Centertek.Demo2Tests;
				PRODUCT_NAME = "$(TARGET_NAME)";
				SWIFT_EMIT_LOC_STRINGS = NO;
				SWIFT_VERSION = 5.0;
				TARGETED_DEVICE_FAMILY = "1,2";
				TEST_HOST = "$(BUILT_PRODUCTS_DIR)/Demo2.app/$(BUNDLE_EXECUTABLE_FOLDER_PATH)/Demo2";
			};
			name = Debug;
		};
		6F5570B22C4F72C700F45222 /* Release */ = {
			isa = XCBuildConfiguration;
			buildSettings = {
				BUNDLE_LOADER = "$(TEST_HOST)";
				CODE_SIGN_STYLE = Automatic;
				CURRENT_PROJECT_VERSION = 1;
				DEVELOPMENT_TEAM = A3UF4B4CBW;
				GENERATE_INFOPLIST_FILE = YES;
				IPHONEOS_DEPLOYMENT_TARGET = 18.0;
				MARKETING_VERSION = 1.0;
				PRODUCT_BUNDLE_IDENTIFIER = Centertek.Demo2Tests;
				PRODUCT_NAME = "$(TARGET_NAME)";
				SWIFT_EMIT_LOC_STRINGS = NO;
				SWIFT_VERSION = 5.0;
				TARGETED_DEVICE_FAMILY = "1,2";
				TEST_HOST = "$(BUILT_PRODUCTS_DIR)/Demo2.app/$(BUNDLE_EXECUTABLE_FOLDER_PATH)/Demo2";
			};
			name = Release;
		};
		6F5570B42C4F72C700F45222 /* Debug */ = {
			isa = XCBuildConfiguration;
			buildSettings = {
				CODE_SIGN_STYLE = Automatic;
				CURRENT_PROJECT_VERSION = 1;
				DEVELOPMENT_TEAM = A3UF4B4CBW;
				GENERATE_INFOPLIST_FILE = YES;
				MARKETING_VERSION = 1.0;
				PRODUCT_BUNDLE_IDENTIFIER = Centertek.Demo2UITests;
				PRODUCT_NAME = "$(TARGET_NAME)";
				SWIFT_EMIT_LOC_STRINGS = NO;
				SWIFT_VERSION = 5.0;
				TARGETED_DEVICE_FAMILY = "1,2";
				TEST_TARGET_NAME = Demo2;
			};
			name = Debug;
		};
		6F5570B52C4F72C700F45222 /* Release */ = {
			isa = XCBuildConfiguration;
			buildSettings = {
				CODE_SIGN_STYLE = Automatic;
				CURRENT_PROJECT_VERSION = 1;
				DEVELOPMENT_TEAM = A3UF4B4CBW;
				GENERATE_INFOPLIST_FILE = YES;
				MARKETING_VERSION = 1.0;
				PRODUCT_BUNDLE_IDENTIFIER = Centertek.Demo2UITests;
				PRODUCT_NAME = "$(TARGET_NAME)";
				SWIFT_EMIT_LOC_STRINGS = NO;
				SWIFT_VERSION = 5.0;
				TARGETED_DEVICE_FAMILY = "1,2";
				TEST_TARGET_NAME = Demo2;
			};
			name = Release;
		};
/* End XCBuildConfiguration section */

/* Begin XCConfigurationList section */
		6F55707E2C4F72C500F45222 /* Build configuration list for PBXProject "Demo2" */ = {
			isa = XCConfigurationList;
			buildConfigurations = (
				6F5570AB2C4F72C700F45222 /* Debug */,
				6F5570AC2C4F72C700F45222 /* Release */,
			);
			defaultConfigurationIsVisible = 0;
			defaultConfigurationName = Release;
		};
		6F5570AD2C4F72C700F45222 /* Build configuration list for PBXNativeTarget "Demo2" */ = {
			isa = XCConfigurationList;
			buildConfigurations = (
				6F5570AE2C4F72C700F45222 /* Debug */,
				6F5570AF2C4F72C700F45222 /* Release */,
			);
			defaultConfigurationIsVisible = 0;
			defaultConfigurationName = Release;
		};
		6F5570B02C4F72C700F45222 /* Build configuration list for PBXNativeTarget "Demo2Tests" */ = {
			isa = XCConfigurationList;
			buildConfigurations = (
				6F5570B12C4F72C700F45222 /* Debug */,
				6F5570B22C4F72C700F45222 /* Release */,
			);
			defaultConfigurationIsVisible = 0;
			defaultConfigurationName = Release;
		};
		6F5570B32C4F72C700F45222 /* Build configuration list for PBXNativeTarget "Demo2UITests" */ = {
			isa = XCConfigurationList;
			buildConfigurations = (
				6F5570B42C4F72C700F45222 /* Debug */,
				6F5570B52C4F72C700F45222 /* Release */,
			);
			defaultConfigurationIsVisible = 0;
			defaultConfigurationName = Release;
		};
/* End XCConfigurationList section */
	};
	rootObject = 6F55707B2C4F72C500F45222 /* Project object */;
}
